
Microsoft Visual Studio Solution File, Format Version 12.00
# Visual Studio Version 17
VisualStudioVersion = 17.0.31912.275
MinimumVisualStudioVersion = 10.0.40219.1
Project("{FAE04EC0-301F-11D3-BF4B-00C04F79EFBC}") = "module5", "module5\module5.csproj", "{395F4092-AFC6-4262-92D1-49FE883315D2}"
EndProject
Global
	GlobalSection(SolutionConfigurationPlatforms) = preSolution
		Debug|Any CPU = Debug|Any CPU
		Release|Any CPU = Release|Any CPU
	EndGlobalSection
	GlobalSection(ProjectConfigurationPlatforms) = postSolution
		{395F4092-AFC6-4262-92D1-49FE883315D2}.Debug|Any CPU.ActiveCfg = Debug|Any CPU
		{395F4092-AFC6-4262-92D1-49FE883315D2}.Debug|Any CPU.Build.0 = Debug|Any CPU
		{395F4092-AFC6-4262-92D1-49FE883315D2}.Release|Any CPU.ActiveCfg = Release|Any CPU
		{395F4092-AFC6-4262-92D1-49FE883315D2}.Release|Any CPU.Build.0 = Release|Any CPU
	EndGlobalSection
	GlobalSection(SolutionProperties) = preSolution
		HideSolutionNode = FALSE
	EndGlobalSection
	GlobalSection(ExtensibilityGlobals) = postSolution
		SolutionGuid = {4ED743E9-9E78-44FA-AE8B-4D2FF9320D67}
	EndGlobalSection
EndGlobal
